
Microsoft Visual Studio Solution File, Format Version 12.00
Project("{FAE04EC0-301F-11D3-BF4B-00C04F79EFBC}") = "Dfe.Spi.HistoricalDataLoader.GiasLoaderConsoleApp", "Dfe.Spi.HistoricalDataLoader.GiasLoaderConsoleApp\Dfe.Spi.HistoricalDataLoader.GiasLoaderConsoleApp.csproj", "{1466BD20-8740-4840-A924-A723018C9E29}"
EndProject
Project("{FAE04EC0-301F-11D3-BF4B-00C04F79EFBC}") = "Dfe.Spi.HistoricalDataLoader.Common", "Dfe.Spi.HistoricalDataLoader.Common\Dfe.Spi.HistoricalDataLoader.Common.csproj", "{5B80B3FC-2929-4E2C-A4E4-E3E484E673D3}"
EndProject
Project("{FAE04EC0-301F-11D3-BF4B-00C04F79EFBC}") = "Dfe.Spi.HistoricalDataLoader.UkrlpLoaderConsoleApp", "Dfe.Spi.HistoricalDataLoader.UkrlpLoaderConsoleApp\Dfe.Spi.HistoricalDataLoader.UkrlpLoaderConsoleApp.csproj", "{3784BB58-4338-43BB-B9DB-42C96B5783A5}"
EndProject
Project("{FAE04EC0-301F-11D3-BF4B-00C04F79EFBC}") = "Dfe.Spi.HistoricalDataLoader.RegistryLoaderConsoleApp", "Dfe.Spi.HistoricalDataLoader.RegistryLoaderConsoleApp\Dfe.Spi.HistoricalDataLoader.RegistryLoaderConsoleApp.csproj", "{C49C8528-7B3B-48B3-991C-A266F3566728}"
EndProject
Global
	GlobalSection(SolutionConfigurationPlatforms) = preSolution
		Debug|Any CPU = Debug|Any CPU
		Release|Any CPU = Release|Any CPU
	EndGlobalSection
	GlobalSection(ProjectConfigurationPlatforms) = postSolution
		{1466BD20-8740-4840-A924-A723018C9E29}.Debug|Any CPU.ActiveCfg = Debug|Any CPU
		{1466BD20-8740-4840-A924-A723018C9E29}.Debug|Any CPU.Build.0 = Debug|Any CPU
		{1466BD20-8740-4840-A924-A723018C9E29}.Release|Any CPU.ActiveCfg = Release|Any CPU
		{1466BD20-8740-4840-A924-A723018C9E29}.Release|Any CPU.Build.0 = Release|Any CPU
		{5B80B3FC-2929-4E2C-A4E4-E3E484E673D3}.Debug|Any CPU.ActiveCfg = Debug|Any CPU
		{5B80B3FC-2929-4E2C-A4E4-E3E484E673D3}.Debug|Any CPU.Build.0 = Debug|Any CPU
		{5B80B3FC-2929-4E2C-A4E4-E3E484E673D3}.Release|Any CPU.ActiveCfg = Release|Any CPU
		{5B80B3FC-2929-4E2C-A4E4-E3E484E673D3}.Release|Any CPU.Build.0 = Release|Any CPU
		{3784BB58-4338-43BB-B9DB-42C96B5783A5}.Debug|Any CPU.ActiveCfg = Debug|Any CPU
		{3784BB58-4338-43BB-B9DB-42C96B5783A5}.Debug|Any CPU.Build.0 = Debug|Any CPU
		{3784BB58-4338-43BB-B9DB-42C96B5783A5}.Release|Any CPU.ActiveCfg = Release|Any CPU
		{3784BB58-4338-43BB-B9DB-42C96B5783A5}.Release|Any CPU.Build.0 = Release|Any CPU
		{C49C8528-7B3B-48B3-991C-A266F3566728}.Debug|Any CPU.ActiveCfg = Debug|Any CPU
		{C49C8528-7B3B-48B3-991C-A266F3566728}.Debug|Any CPU.Build.0 = Debug|Any CPU
		{C49C8528-7B3B-48B3-991C-A266F3566728}.Release|Any CPU.ActiveCfg = Release|Any CPU
		{C49C8528-7B3B-48B3-991C-A266F3566728}.Release|Any CPU.Build.0 = Release|Any CPU
	EndGlobalSection
EndGlobal
